
Microsoft Visual Studio Solution File, Format Version 12.00
# Visual Studio Version 16
VisualStudioVersion = 16.0.31702.278
MinimumVisualStudioVersion = 10.0.40219.1
Project("{FAE04EC0-301F-11D3-BF4B-00C04F79EFBC}") = "UI.Wizzard", "UI.Wizzard\UI.Wizzard.csproj", "{7A344731-7D49-4EF1-96F5-F5E5601B221D}"
EndProject
Project("{FAE04EC0-301F-11D3-BF4B-00C04F79EFBC}") = "UI", "UI\UI.csproj", "{CCAEDDF6-7303-4250-AEA1-FE8B6C2764EA}"
EndProject
Project("{FAE04EC0-301F-11D3-BF4B-00C04F79EFBC}") = "UI.Login", "UI.Login\UI.Login.csproj", "{4849E2F1-F911-47B9-B452-4B3A3F6A6C2C}"
EndProject
Global
	GlobalSection(SolutionConfigurationPlatforms) = preSolution
		Debug|Any CPU = Debug|Any CPU
		Release|Any CPU = Release|Any CPU
	EndGlobalSection
	GlobalSection(ProjectConfigurationPlatforms) = postSolution
		{7A344731-7D49-4EF1-96F5-F5E5601B221D}.Debug|Any CPU.ActiveCfg = Debug|Any CPU
		{7A344731-7D49-4EF1-96F5-F5E5601B221D}.Debug|Any CPU.Build.0 = Debug|Any CPU
		{7A344731-7D49-4EF1-96F5-F5E5601B221D}.Release|Any CPU.ActiveCfg = Release|Any CPU
		{7A344731-7D49-4EF1-96F5-F5E5601B221D}.Release|Any CPU.Build.0 = Release|Any CPU
		{CCAEDDF6-7303-4250-AEA1-FE8B6C2764EA}.Debug|Any CPU.ActiveCfg = Debug|Any CPU
		{CCAEDDF6-7303-4250-AEA1-FE8B6C2764EA}.Debug|Any CPU.Build.0 = Debug|Any CPU
		{CCAEDDF6-7303-4250-AEA1-FE8B6C2764EA}.Release|Any CPU.ActiveCfg = Release|Any CPU
		{CCAEDDF6-7303-4250-AEA1-FE8B6C2764EA}.Release|Any CPU.Build.0 = Release|Any CPU
		{4849E2F1-F911-47B9-B452-4B3A3F6A6C2C}.Debug|Any CPU.ActiveCfg = Debug|Any CPU
		{4849E2F1-F911-47B9-B452-4B3A3F6A6C2C}.Debug|Any CPU.Build.0 = Debug|Any CPU
		{4849E2F1-F911-47B9-B452-4B3A3F6A6C2C}.Release|Any CPU.ActiveCfg = Release|Any CPU
		{4849E2F1-F911-47B9-B452-4B3A3F6A6C2C}.Release|Any CPU.Build.0 = Release|Any CPU
	EndGlobalSection
	GlobalSection(SolutionProperties) = preSolution
		HideSolutionNode = FALSE
	EndGlobalSection
	GlobalSection(ExtensibilityGlobals) = postSolution
		SolutionGuid = {78FD5A57-8989-44F2-918E-97000752ADC9}
	EndGlobalSection
EndGlobal
