
Microsoft Visual Studio Solution File, Format Version 12.00
# Visual Studio Version 16
VisualStudioVersion = 16.0.31702.278
MinimumVisualStudioVersion = 10.0.40219.1
Project("{FAE04EC0-301F-11D3-BF4B-00C04F79EFBC}") = "API", "API\API.csproj", "{F8777099-1CB9-4BA4-B01A-2C045EFCB294}"
EndProject
Project("{FAE04EC0-301F-11D3-BF4B-00C04F79EFBC}") = "BE.API", "BE.API\BE.API.csproj", "{24646044-0C31-4BC8-AF58-839180485592}"
EndProject
Project("{FAE04EC0-301F-11D3-BF4B-00C04F79EFBC}") = "BE.BS", "BE.BS\BE.BS.csproj", "{B39A1594-58AE-434C-A194-C0FD39B9BFE5}"
EndProject
Project("{FAE04EC0-301F-11D3-BF4B-00C04F79EFBC}") = "BE.DAL", "BE.DAL\BE.DAL.csproj", "{8845B783-064E-4F92-A163-2E0DEDFD2957}"
EndProject
Project("{FAE04EC0-301F-11D3-BF4B-00C04F79EFBC}") = "BE.DAL.EF", "BE.DAL.EF\BE.DAL.EF.csproj", "{358A94E1-0898-4909-B143-727D4E4154C1}"
EndProject
Project("{FAE04EC0-301F-11D3-BF4B-00C04F79EFBC}") = "BE.DAL.DO", "BE.DAL.DO\BE.DAL.DO.csproj", "{D08CA0A1-F81D-47A7-B560-7029DFFCF304}"
EndProject
Project("{FAE04EC0-301F-11D3-BF4B-00C04F79EFBC}") = "BE.DAL.Repository", "BE.DAL.Repository\BE.DAL.Repository.csproj", "{F407C2C3-8CFD-4624-B417-8E885CA2E8F8}"
EndProject
Global
	GlobalSection(SolutionConfigurationPlatforms) = preSolution
		Debug|Any CPU = Debug|Any CPU
		Release|Any CPU = Release|Any CPU
	EndGlobalSection
	GlobalSection(ProjectConfigurationPlatforms) = postSolution
		{F8777099-1CB9-4BA4-B01A-2C045EFCB294}.Debug|Any CPU.ActiveCfg = Debug|Any CPU
		{F8777099-1CB9-4BA4-B01A-2C045EFCB294}.Debug|Any CPU.Build.0 = Debug|Any CPU
		{F8777099-1CB9-4BA4-B01A-2C045EFCB294}.Release|Any CPU.ActiveCfg = Release|Any CPU
		{F8777099-1CB9-4BA4-B01A-2C045EFCB294}.Release|Any CPU.Build.0 = Release|Any CPU
		{24646044-0C31-4BC8-AF58-839180485592}.Debug|Any CPU.ActiveCfg = Debug|Any CPU
		{24646044-0C31-4BC8-AF58-839180485592}.Debug|Any CPU.Build.0 = Debug|Any CPU
		{24646044-0C31-4BC8-AF58-839180485592}.Release|Any CPU.ActiveCfg = Release|Any CPU
		{24646044-0C31-4BC8-AF58-839180485592}.Release|Any CPU.Build.0 = Release|Any CPU
		{B39A1594-58AE-434C-A194-C0FD39B9BFE5}.Debug|Any CPU.ActiveCfg = Debug|Any CPU
		{B39A1594-58AE-434C-A194-C0FD39B9BFE5}.Debug|Any CPU.Build.0 = Debug|Any CPU
		{B39A1594-58AE-434C-A194-C0FD39B9BFE5}.Release|Any CPU.ActiveCfg = Release|Any CPU
		{B39A1594-58AE-434C-A194-C0FD39B9BFE5}.Release|Any CPU.Build.0 = Release|Any CPU
		{8845B783-064E-4F92-A163-2E0DEDFD2957}.Debug|Any CPU.ActiveCfg = Debug|Any CPU
		{8845B783-064E-4F92-A163-2E0DEDFD2957}.Debug|Any CPU.Build.0 = Debug|Any CPU
		{8845B783-064E-4F92-A163-2E0DEDFD2957}.Release|Any CPU.ActiveCfg = Release|Any CPU
		{8845B783-064E-4F92-A163-2E0DEDFD2957}.Release|Any CPU.Build.0 = Release|Any CPU
		{358A94E1-0898-4909-B143-727D4E4154C1}.Debug|Any CPU.ActiveCfg = Debug|Any CPU
		{358A94E1-0898-4909-B143-727D4E4154C1}.Debug|Any CPU.Build.0 = Debug|Any CPU
		{358A94E1-0898-4909-B143-727D4E4154C1}.Release|Any CPU.ActiveCfg = Release|Any CPU
		{358A94E1-0898-4909-B143-727D4E4154C1}.Release|Any CPU.Build.0 = Release|Any CPU
		{D08CA0A1-F81D-47A7-B560-7029DFFCF304}.Debug|Any CPU.ActiveCfg = Debug|Any CPU
		{D08CA0A1-F81D-47A7-B560-7029DFFCF304}.Debug|Any CPU.Build.0 = Debug|Any CPU
		{D08CA0A1-F81D-47A7-B560-7029DFFCF304}.Release|Any CPU.ActiveCfg = Release|Any CPU
		{D08CA0A1-F81D-47A7-B560-7029DFFCF304}.Release|Any CPU.Build.0 = Release|Any CPU
		{F407C2C3-8CFD-4624-B417-8E885CA2E8F8}.Debug|Any CPU.ActiveCfg = Debug|Any CPU
		{F407C2C3-8CFD-4624-B417-8E885CA2E8F8}.Debug|Any CPU.Build.0 = Debug|Any CPU
		{F407C2C3-8CFD-4624-B417-8E885CA2E8F8}.Release|Any CPU.ActiveCfg = Release|Any CPU
		{F407C2C3-8CFD-4624-B417-8E885CA2E8F8}.Release|Any CPU.Build.0 = Release|Any CPU
	EndGlobalSection
	GlobalSection(SolutionProperties) = preSolution
		HideSolutionNode = FALSE
	EndGlobalSection
	GlobalSection(ExtensibilityGlobals) = postSolution
		SolutionGuid = {9948A693-4C1B-443F-AACF-BD470B504FCA}
	EndGlobalSection
EndGlobal
